
Microsoft Visual Studio Solution File, Format Version 12.00
# Visual Studio Version 17
VisualStudioVersion = 17.11.35303.130
MinimumVisualStudioVersion = 10.0.40219.1
Project("{FAE04EC0-301F-11D3-BF4B-00C04F79EFBC}") = "TDD&Communication", "TDD&Communication\TDD&Communication.csproj", "{FA258F25-9AD7-49A2-8A9A-411B961C1E91}"
EndProject
Project("{FAE04EC0-301F-11D3-BF4B-00C04F79EFBC}") = "TDDTests", "TDDTests\TDDTests.csproj", "{80B6C765-066E-4C78-9FDC-C8EBFCE0BA73}"
EndProject
Global
	GlobalSection(SolutionConfigurationPlatforms) = preSolution
		Debug|Any CPU = Debug|Any CPU
		Release|Any CPU = Release|Any CPU
	EndGlobalSection
	GlobalSection(ProjectConfigurationPlatforms) = postSolution
		{FA258F25-9AD7-49A2-8A9A-411B961C1E91}.Debug|Any CPU.ActiveCfg = Debug|Any CPU
		{FA258F25-9AD7-49A2-8A9A-411B961C1E91}.Debug|Any CPU.Build.0 = Debug|Any CPU
		{FA258F25-9AD7-49A2-8A9A-411B961C1E91}.Release|Any CPU.ActiveCfg = Release|Any CPU
		{FA258F25-9AD7-49A2-8A9A-411B961C1E91}.Release|Any CPU.Build.0 = Release|Any CPU
		{80B6C765-066E-4C78-9FDC-C8EBFCE0BA73}.Debug|Any CPU.ActiveCfg = Debug|Any CPU
		{80B6C765-066E-4C78-9FDC-C8EBFCE0BA73}.Debug|Any CPU.Build.0 = Debug|Any CPU
		{80B6C765-066E-4C78-9FDC-C8EBFCE0BA73}.Release|Any CPU.ActiveCfg = Release|Any CPU
		{80B6C765-066E-4C78-9FDC-C8EBFCE0BA73}.Release|Any CPU.Build.0 = Release|Any CPU
	EndGlobalSection
	GlobalSection(SolutionProperties) = preSolution
		HideSolutionNode = FALSE
	EndGlobalSection
	GlobalSection(ExtensibilityGlobals) = postSolution
		SolutionGuid = {05187636-B433-458B-AE2E-6982C36B6D50}
	EndGlobalSection
EndGlobal
